
Microsoft Visual Studio Solution File, Format Version 11.00
# Visual Studio 2010
Project("{8BC9CEB8-8B4A-11D0-8D11-00A0C91BC942}") = "THGemfireService", "THGemfireService.vcxproj", "{C34D102A-4780-47F5-A192-893355FD7337}"
EndProject
Global
	GlobalSection(SolutionConfigurationPlatforms) = preSolution
		Debug|Win32 = Debug|Win32
		Release|Win32 = Release|Win32
	EndGlobalSection
	GlobalSection(ProjectConfigurationPlatforms) = postSolution
		{C34D102A-4780-47F5-A192-893355FD7337}.Debug|Win32.ActiveCfg = Debug|Win32
		{C34D102A-4780-47F5-A192-893355FD7337}.Debug|Win32.Build.0 = Debug|Win32
		{C34D102A-4780-47F5-A192-893355FD7337}.Release|Win32.ActiveCfg = Release|Win32
		{C34D102A-4780-47F5-A192-893355FD7337}.Release|Win32.Build.0 = Release|Win32
	EndGlobalSection
	GlobalSection(SolutionProperties) = preSolution
		HideSolutionNode = FALSE
	EndGlobalSection
EndGlobal
